// !$*UTF8*$!
{
	archiveVersion = 1;
	classes = {
	};
	objectVersion = 46;
	objects = {

/* Begin PBXBuildFile section */
		5F9F770F1B95F2B50072FB69 /* AppDelegate.swift in Sources */ = {isa = PBXBuildFile; fileRef = 5F9F770E1B95F2B50072FB69 /* AppDelegate.swift */; };
		5F9F77111B95F2B50072FB69 /* Images.xcassets in Resources */ = {isa = PBXBuildFile; fileRef = 5F9F77101B95F2B50072FB69 /* Images.xcassets */; };
		5F9F77141B95F2B50072FB69 /* MainMenu.xib in Resources */ = {isa = PBXBuildFile; fileRef = 5F9F77121B95F2B50072FB69 /* MainMenu.xib */; };
		5F9F77201B95F2B50072FB69 /* reply_on_notificationTests.swift in Sources */ = {isa = PBXBuildFile; fileRef = 5F9F771F1B95F2B50072FB69 /* reply_on_notificationTests.swift */; };
/* End PBXBuildFile section */

/* Begin PBXContainerItemProxy section */
		5F9F771A1B95F2B50072FB69 /* PBXContainerItemProxy */ = {
			isa = PBXContainerItemProxy;
			containerPortal = 5F9F77011B95F2B50072FB69 /* Project object */;
			proxyType = 1;
			remoteGlobalIDString = 5F9F77081B95F2B50072FB69;
			remoteInfo = reply_on_notification;
		};
/* End PBXContainerItemProxy section */

/* Begin PBXFileReference section */
		5F9F77091B95F2B50072FB69 /* reply_on_notification.app */ = {isa = PBXFileReference; explicitFileType = wrapper.application; includeInIndex = 0; path = reply_on_notification.app; sourceTree = BUILT_PRODUCTS_DIR; };
		5F9F770D1B95F2B50072FB69 /* Info.plist */ = {isa = PBXFileReference; lastKnownFileType = text.plist.xml; path = Info.plist; sourceTree = "<group>"; };
		5F9F770E1B95F2B50072FB69 /* AppDelegate.swift */ = {isa = PBXFileReference; lastKnownFileType = sourcecode.swift; path = AppDelegate.swift; sourceTree = "<group>"; };
		5F9F77101B95F2B50072FB69 /* Images.xcassets */ = {isa = PBXFileReference; lastKnownFileType = folder.assetcatalog; path = Images.xcassets; sourceTree = "<group>"; };
		5F9F77131B95F2B50072FB69 /* Base */ = {isa = PBXFileReference; lastKnownFileType = file.xib; name = Base; path = Base.lproj/MainMenu.xib; sourceTree = "<group>"; };
		5F9F77191B95F2B50072FB69 /* reply_on_notificationTests.xctest */ = {isa = PBXFileReference; explicitFileType = wrapper.cfbundle; includeInIndex = 0; path = reply_on_notificationTests.xctest; sourceTree = BUILT_PRODUCTS_DIR; };
		5F9F771E1B95F2B50072FB69 /* Info.plist */ = {isa = PBXFileReference; lastKnownFileType = text.plist.xml; path = Info.plist; sourceTree = "<group>"; };
		5F9F771F1B95F2B50072FB69 /* reply_on_notificationTests.swift */ = {isa = PBXFileReference; lastKnownFileType = sourcecode.swift; path = reply_on_notificationTests.swift; sourceTree = "<group>"; };
/* End PBXFileReference section */

/* Begin PBXFrameworksBuildPhase section */
		5F9F77061B95F2B50072FB69 /* Frameworks */ = {
			isa = PBXFrameworksBuildPhase;
			buildActionMask = 2147483647;
			files = (
			);
			runOnlyForDeploymentPostprocessing = 0;
		};
		5F9F77161B95F2B50072FB69 /* Frameworks */ = {
			isa = PBXFrameworksBuildPhase;
			buildActionMask = 2147483647;
			files = (
			);
			runOnlyForDeploymentPostprocessing = 0;
		};
/* End PBXFrameworksBuildPhase section */

/* Begin PBXGroup section */
		5F9F77001B95F2B50072FB69 = {
			isa = PBXGroup;
			children = (
				5F9F770B1B95F2B50072FB69 /* reply_on_notification */,
				5F9F771C1B95F2B50072FB69 /* reply_on_notificationTests */,
				5F9F770A1B95F2B50072FB69 /* Products */,
			);
			sourceTree = "<group>";
		};
		5F9F770A1B95F2B50072FB69 /* Products */ = {
			isa = PBXGroup;
			children = (
				5F9F77091B95F2B50072FB69 /* reply_on_notification.app */,
				5F9F77191B95F2B50072FB69 /* reply_on_notificationTests.xctest */,
			);
			name = Products;
			sourceTree = "<group>";
		};
		5F9F770B1B95F2B50072FB69 /* reply_on_notification */ = {
			isa = PBXGroup;
			children = (
				5F9F770E1B95F2B50072FB69 /* AppDelegate.swift */,
				5F9F77101B95F2B50072FB69 /* Images.xcassets */,
				5F9F77121B95F2B50072FB69 /* MainMenu.xib */,
				5F9F770C1B95F2B50072FB69 /* Supporting Files */,
			);
			path = reply_on_notification;
			sourceTree = "<group>";
		};
		5F9F770C1B95F2B50072FB69 /* Supporting Files */ = {
			isa = PBXGroup;
			children = (
				5F9F770D1B95F2B50072FB69 /* Info.plist */,
			);
			name = "Supporting Files";
			sourceTree = "<group>";
		};
		5F9F771C1B95F2B50072FB69 /* reply_on_notificationTests */ = {
			isa = PBXGroup;
			children = (
				5F9F771F1B95F2B50072FB69 /* reply_on_notificationTests.swift */,
				5F9F771D1B95F2B50072FB69 /* Supporting Files */,
			);
			path = reply_on_notificationTests;
			sourceTree = "<group>";
		};
		5F9F771D1B95F2B50072FB69 /* Supporting Files */ = {
			isa = PBXGroup;
			children = (
				5F9F771E1B95F2B50072FB69 /* Info.plist */,
			);
			name = "Supporting Files";
			sourceTree = "<group>";
		};
/* End PBXGroup section */

/* Begin PBXNativeTarget section */
		5F9F77081B95F2B50072FB69 /* reply_on_notification */ = {
			isa = PBXNativeTarget;
			buildConfigurationList = 5F9F77231B95F2B50072FB69 /* Build configuration list for PBXNativeTarget "reply_on_notification" */;
			buildPhases = (
				5F9F77051B95F2B50072FB69 /* Sources */,
				5F9F77061B95F2B50072FB69 /* Frameworks */,
				5F9F77071B95F2B50072FB69 /* Resources */,
			);
			buildRules = (
			);
			dependencies = (
			);
			name = reply_on_notification;
			productName = reply_on_notification;
			productReference = 5F9F77091B95F2B50072FB69 /* reply_on_notification.app */;
			productType = "com.apple.product-type.application";
		};
		5F9F77181B95F2B50072FB69 /* reply_on_notificationTests */ = {
			isa = PBXNativeTarget;
			buildConfigurationList = 5F9F77261B95F2B50072FB69 /* Build configuration list for PBXNativeTarget "reply_on_notificationTests" */;
			buildPhases = (
				5F9F77151B95F2B50072FB69 /* Sources */,
				5F9F77161B95F2B50072FB69 /* Frameworks */,
				5F9F77171B95F2B50072FB69 /* Resources */,
			);
			buildRules = (
			);
			dependencies = (
				5F9F771B1B95F2B50072FB69 /* PBXTargetDependency */,
			);
			name = reply_on_notificationTests;
			productName = reply_on_notificationTests;
			productReference = 5F9F77191B95F2B50072FB69 /* reply_on_notificationTests.xctest */;
			productType = "com.apple.product-type.bundle.unit-test";
		};
/* End PBXNativeTarget section */

/* Begin PBXProject section */
		5F9F77011B95F2B50072FB69 /* Project object */ = {
			isa = PBXProject;
			attributes = {
				LastUpgradeCheck = 0640;
				ORGANIZATIONNAME = co.l0o0l;
				TargetAttributes = {
					5F9F77081B95F2B50072FB69 = {
						CreatedOnToolsVersion = 6.4;
					};
					5F9F77181B95F2B50072FB69 = {
						CreatedOnToolsVersion = 6.4;
						TestTargetID = 5F9F77081B95F2B50072FB69;
					};
				};
			};
			buildConfigurationList = 5F9F77041B95F2B50072FB69 /* Build configuration list for PBXProject "reply_on_notification" */;
			compatibilityVersion = "Xcode 3.2";
			developmentRegion = English;
			hasScannedForEncodings = 0;
			knownRegions = (
				en,
				Base,
			);
			mainGroup = 5F9F77001B95F2B50072FB69;
			productRefGroup = 5F9F770A1B95F2B50072FB69 /* Products */;
			projectDirPath = "";
			projectRoot = "";
			targets = (
				5F9F77081B95F2B50072FB69 /* reply_on_notification */,
				5F9F77181B95F2B50072FB69 /* reply_on_notificationTests */,
			);
		};
/* End PBXProject section */

/* Begin PBXResourcesBuildPhase section */
		5F9F77071B95F2B50072FB69 /* Resources */ = {
			isa = PBXResourcesBuildPhase;
			buildActionMask = 2147483647;
			files = (
				5F9F77111B95F2B50072FB69 /* Images.xcassets in Resources */,
				5F9F77141B95F2B50072FB69 /* MainMenu.xib in Resources */,
			);
			runOnlyForDeploymentPostprocessing = 0;
		};
		5F9F77171B95F2B50072FB69 /* Resources */ = {
			isa = PBXResourcesBuildPhase;
			buildActionMask = 2147483647;
			files = (
			);
			runOnlyForDeploymentPostprocessing = 0;
		};
/* End PBXResourcesBuildPhase section */

/* Begin PBXSourcesBuildPhase section */
		5F9F77051B95F2B50072FB69 /* Sources */ = {
			isa = PBXSourcesBuildPhase;
			buildActionMask = 2147483647;
			files = (
				5F9F770F1B95F2B50072FB69 /* AppDelegate.swift in Sources */,
			);
			runOnlyForDeploymentPostprocessing = 0;
		};
		5F9F77151B95F2B50072FB69 /* Sources */ = {
			isa = PBXSourcesBuildPhase;
			buildActionMask = 2147483647;
			files = (
				5F9F77201B95F2B50072FB69 /* reply_on_notificationTests.swift in Sources */,
			);
			runOnlyForDeploymentPostprocessing = 0;
		};
/* End PBXSourcesBuildPhase section */

/* Begin PBXTargetDependency section */
		5F9F771B1B95F2B50072FB69 /* PBXTargetDependency */ = {
			isa = PBXTargetDependency;
			target = 5F9F77081B95F2B50072FB69 /* reply_on_notification */;
			targetProxy = 5F9F771A1B95F2B50072FB69 /* PBXContainerItemProxy */;
		};
/* End PBXTargetDependency section */

/* Begin PBXVariantGroup section */
		5F9F77121B95F2B50072FB69 /* MainMenu.xib */ = {
			isa = PBXVariantGroup;
			children = (
				5F9F77131B95F2B50072FB69 /* Base */,
			);
			name = MainMenu.xib;
			sourceTree = "<group>";
		};
/* End PBXVariantGroup section */

/* Begin XCBuildConfiguration section */
		5F9F77211B95F2B50072FB69 /* Debug */ = {
			isa = XCBuildConfiguration;
			buildSettings = {
				ALWAYS_SEARCH_USER_PATHS = NO;
				CLANG_CXX_LANGUAGE_STANDARD = "gnu++0x";
				CLANG_CXX_LIBRARY = "libc++";
				CLANG_ENABLE_MODULES = YES;
				CLANG_ENABLE_OBJC_ARC = YES;
				CLANG_WARN_BOOL_CONVERSION = YES;
				CLANG_WARN_CONSTANT_CONVERSION = YES;
				CLANG_WARN_DIRECT_OBJC_ISA_USAGE = YES_ERROR;
				CLANG_WARN_EMPTY_BODY = YES;
				CLANG_WARN_ENUM_CONVERSION = YES;
				CLANG_WARN_INT_CONVERSION = YES;
				CLANG_WARN_OBJC_ROOT_CLASS = YES_ERROR;
				CLANG_WARN_UNREACHABLE_CODE = YES;
				CLANG_WARN__DUPLICATE_METHOD_MATCH = YES;
				CODE_SIGN_IDENTITY = "-";
				COPY_PHASE_STRIP = NO;
				DEBUG_INFORMATION_FORMAT = dwarf;
				ENABLE_STRICT_OBJC_MSGSEND = YES;
				GCC_C_LANGUAGE_STANDARD = gnu99;
				GCC_DYNAMIC_NO_PIC = NO;
				GCC_NO_COMMON_BLOCKS = YES;
				GCC_OPTIMIZATION_LEVEL = 0;
				GCC_PREPROCESSOR_DEFINITIONS = (
					"DEBUG=1",
					"$(inherited)",
				);
				GCC_SYMBOLS_PRIVATE_EXTERN = NO;
				GCC_WARN_64_TO_32_BIT_CONVERSION = YES;
				GCC_WARN_ABOUT_RETURN_TYPE = YES_ERROR;
				GCC_WARN_UNDECLARED_SELECTOR = YES;
				GCC_WARN_UNINITIALIZED_AUTOS = YES_AGGRESSIVE;
				GCC_WARN_UNUSED_FUNCTION = YES;
				GCC_WARN_UNUSED_VARIABLE = YES;
				MACOSX_DEPLOYMENT_TARGET = 10.10;
				MTL_ENABLE_DEBUG_INFO = YES;
				ONLY_ACTIVE_ARCH = YES;
				SDKROOT = macosx;
				SWIFT_OPTIMIZATION_LEVEL = "-Onone";
			};
			name = Debug;
		};
		5F9F77221B95F2B50072FB69 /* Release */ = {
			isa = XCBuildConfiguration;
			buildSettings = {
				ALWAYS_SEARCH_USER_PATHS = NO;
				CLANG_CXX_LANGUAGE_STANDARD = "gnu++0x";
				CLANG_CXX_LIBRARY = "libc++";
				CLANG_ENABLE_MODULES = YES;
				CLANG_ENABLE_OBJC_ARC = YES;
				CLANG_WARN_BOOL_CONVERSION = YES;
				CLANG_WARN_CONSTANT_CONVERSION = YES;
				CLANG_WARN_DIRECT_OBJC_ISA_USAGE = YES_ERROR;
				CLANG_WARN_EMPTY_BODY = YES;
				CLANG_WARN_ENUM_CONVERSION = YES;
				CLANG_WARN_INT_CONVERSION = YES;
				CLANG_WARN_OBJC_ROOT_CLASS = YES_ERROR;
				CLANG_WARN_UNREACHABLE_CODE = YES;
				CLANG_WARN__DUPLICATE_METHOD_MATCH = YES;
				CODE_SIGN_IDENTITY = "-";
				COPY_PHASE_STRIP = NO;
				DEBUG_INFORMATION_FORMAT = "dwarf-with-dsym";
				ENABLE_NS_ASSERTIONS = NO;
				ENABLE_STRICT_OBJC_MSGSEND = YES;
				GCC_C_LANGUAGE_STANDARD = gnu99;
				GCC_NO_COMMON_BLOCKS = YES;
				GCC_WARN_64_TO_32_BIT_CONVERSION = YES;
				GCC_WARN_ABOUT_RETURN_TYPE = YES_ERROR;
				GCC_WARN_UNDECLARED_SELECTOR = YES;
				GCC_WARN_UNINITIALIZED_AUTOS = YES_AGGRESSIVE;
				GCC_WARN_UNUSED_FUNCTION = YES;
				GCC_WARN_UNUSED_VARIABLE = YES;
				MACOSX_DEPLOYMENT_TARGET = 10.10;
				MTL_ENABLE_DEBUG_INFO = NO;
				SDKROOT = macosx;
			};
			name = Release;
		};
		5F9F77241B95F2B50072FB69 /* Debug */ = {
			isa = XCBuildConfiguration;
			buildSettings = {
				ASSETCATALOG_COMPILER_APPICON_NAME = AppIcon;
				COMBINE_HIDPI_IMAGES = YES;
				INFOPLIST_FILE = reply_on_notification/Info.plist;
				LD_RUNPATH_SEARCH_PATHS = "$(inherited) @executable_path/../Frameworks";
				PRODUCT_NAME = "$(TARGET_NAME)";
			};
			name = Debug;
		};
		5F9F77251B95F2B50072FB69 /* Release */ = {
			isa = XCBuildConfiguration;
			buildSettings = {
				ASSETCATALOG_COMPILER_APPICON_NAME = AppIcon;
				COMBINE_HIDPI_IMAGES = YES;
				INFOPLIST_FILE = reply_on_notification/Info.plist;
				LD_RUNPATH_SEARCH_PATHS = "$(inherited) @executable_path/../Frameworks";
				PRODUCT_NAME = "$(TARGET_NAME)";
			};
			name = Release;
		};
		5F9F77271B95F2B50072FB69 /* Debug */ = {
			isa = XCBuildConfiguration;
			buildSettings = {
				BUNDLE_LOADER = "$(TEST_HOST)";
				COMBINE_HIDPI_IMAGES = YES;
				FRAMEWORK_SEARCH_PATHS = (
					"$(DEVELOPER_FRAMEWORKS_DIR)",
					"$(inherited)",
				);
				GCC_PREPROCESSOR_DEFINITIONS = (
					"DEBUG=1",
					"$(inherited)",
				);
				INFOPLIST_FILE = reply_on_notificationTests/Info.plist;
				LD_RUNPATH_SEARCH_PATHS = "$(inherited) @executable_path/../Frameworks @loader_path/../Frameworks";
				PRODUCT_NAME = "$(TARGET_NAME)";
				TEST_HOST = "$(BUILT_PRODUCTS_DIR)/reply_on_notification.app/Contents/MacOS/reply_on_notification";
			};
			name = Debug;
		};
		5F9F77281B95F2B50072FB69 /* Release */ = {
			isa = XCBuildConfiguration;
			buildSettings = {
				BUNDLE_LOADER = "$(TEST_HOST)";
				COMBINE_HIDPI_IMAGES = YES;
				FRAMEWORK_SEARCH_PATHS = (
					"$(DEVELOPER_FRAMEWORKS_DIR)",
					"$(inherited)",
				);
				INFOPLIST_FILE = reply_on_notificationTests/Info.plist;
				LD_RUNPATH_SEARCH_PATHS = "$(inherited) @executable_path/../Frameworks @loader_path/../Frameworks";
				PRODUCT_NAME = "$(TARGET_NAME)";
				TEST_HOST = "$(BUILT_PRODUCTS_DIR)/reply_on_notification.app/Contents/MacOS/reply_on_notification";
			};
			name = Release;
		};
/* End XCBuildConfiguration section */

/* Begin XCConfigurationList section */
		5F9F77041B95F2B50072FB69 /* Build configuration list for PBXProject "reply_on_notification" */ = {
			isa = XCConfigurationList;
			buildConfigurations = (
				5F9F77211B95F2B50072FB69 /* Debug */,
				5F9F77221B95F2B50072FB69 /* Release */,
			);
			defaultConfigurationIsVisible = 0;
			defaultConfigurationName = Release;
		};
		5F9F77231B95F2B50072FB69 /* Build configuration list for PBXNativeTarget "reply_on_notification" */ = {
			isa = XCConfigurationList;
			buildConfigurations = (
				5F9F77241B95F2B50072FB69 /* Debug */,
				5F9F77251B95F2B50072FB69 /* Release */,
			);
			defaultConfigurationIsVisible = 0;
		};
		5F9F77261B95F2B50072FB69 /* Build configuration list for PBXNativeTarget "reply_on_notificationTests" */ = {
			isa = XCConfigurationList;
			buildConfigurations = (
				5F9F77271B95F2B50072FB69 /* Debug */,
				5F9F77281B95F2B50072FB69 /* Release */,
			);
			defaultConfigurationIsVisible = 0;
		};
/* End XCConfigurationList section */
	};
	rootObject = 5F9F77011B95F2B50072FB69 /* Project object */;
}
